
Microsoft Visual Studio Solution File, Format Version 12.00
# Visual Studio Version 17
VisualStudioVersion = 17.4.33213.308
MinimumVisualStudioVersion = 10.0.40219.1
Project("{9A19103F-16F7-4668-BE54-9A1E7A4F7556}") = "Obsada", "Obsada\Obsada.csproj", "{136A90E4-4C8B-474D-B286-BF6515AC0F70}"
EndProject
Global
	GlobalSection(SolutionConfigurationPlatforms) = preSolution
		Debug|Any CPU = Debug|Any CPU
		Release|Any CPU = Release|Any CPU
	EndGlobalSection
	GlobalSection(ProjectConfigurationPlatforms) = postSolution
		{136A90E4-4C8B-474D-B286-BF6515AC0F70}.Debug|Any CPU.ActiveCfg = Debug|Any CPU
		{136A90E4-4C8B-474D-B286-BF6515AC0F70}.Debug|Any CPU.Build.0 = Debug|Any CPU
		{136A90E4-4C8B-474D-B286-BF6515AC0F70}.Release|Any CPU.ActiveCfg = Release|Any CPU
		{136A90E4-4C8B-474D-B286-BF6515AC0F70}.Release|Any CPU.Build.0 = Release|Any CPU
	EndGlobalSection
	GlobalSection(SolutionProperties) = preSolution
		HideSolutionNode = FALSE
	EndGlobalSection
	GlobalSection(ExtensibilityGlobals) = postSolution
		SolutionGuid = {4424F204-FCCF-4292-AC09-9E82A3BE8FA9}
	EndGlobalSection
EndGlobal
